PODS:
  - DJI-SDK-iOS (4.14)
  - DJIWidget (1.6.4)

DEPENDENCIES:
  - DJI-SDK-iOS (~> 4.12)
  - DJIWidget (~> 1.6.2)

SPEC REPOS:
  trunk:
    - DJI-SDK-iOS
    - DJIWidget

SPEC CHECKSUMS:
  DJI-SDK-iOS: db08fad65cfb9fecddb34b38851af105bd4133db
  DJIWidget: ce26deb9fb78494d2189065f431b13a663181b5f

PODFILE CHECKSUM: d2417cc953ff4e9f3d73af2bcb92b2231d08c0c4

COCOAPODS: 1.9.1
